{
  "name": "stun",
  "version": "3.0.1",
  "lockfileVersion": 3,
  "requires": true,
  "packages": {
    "": {
      "name": "stun",
      "version": "3.0.1",
      "license": "MIT",
      "dependencies": {
        "binary-data": "^0.6.0",
        "buffer-xor": "^2.0.2",
        "debug": "^4.3.4",
        "ip": "^2.0.1",
        "ip2buf": "^2.0.0",
        "is-stun": "^2.0.0",
        "minimist": "^1.2.8",
        "turbo-crc32": "^1.0.1",
        "universalify": "^2.0.1"
      },
      "bin": {
        "stun": "src/cli.js"
      },
      "devDependencies": {},
      "engines": {
        "node": ">=18.0"
      }
    },
    "node_modules/binary-data": {
      "version": "0.6.0",
      "resolved": "https://registry.npmjs.org/binary-data/-/binary-data-0.6.0.tgz",
      "integrity": "sha512-HGiT0ir03tS1u7iWdW5xjJfbPpvxH2qJbPFxXW0I3P5iOzkbjN/cJy5GlpAwmjHW5CiayGOxZ/ytLzXmYgdgqQ==",
      "dependencies": {
        "generate-function": "^2.3.1",
        "is-plain-object": "^2.0.3"
      },
      "engines": {
        "node": ">=6"
      }
    },
    "node_modules/buffer-xor": {
      "version": "2.0.2",
      "resolved": "https://registry.npmjs.org/buffer-xor/-/buffer-xor-2.0.2.tgz",
      "integrity": "sha512-eHslX0bin3GB+Lx2p7lEYRShRewuNZL3fUl4qlVJGGiwoPGftmt8JQgk2Y9Ji5/01TnVDo33E5b5O3vUB1HdqQ==",
      "dependencies": {
        "safe-buffer": "^5.1.1"
      }
    },
    "node_modules/debug": {
      "version": "4.3.4",
      "resolved": "https://registry.npmjs.org/debug/-/debug-4.3.4.tgz",
      "integrity": "sha512-PRWFHuSU3eDtQJPvnNY7Jcket1j0t5OuOsFzPPzsekD52Zl8qUfFIPEiswXqIvHWGVHOgX+7G/vCNNhehwxfkQ==",
      "dependencies": {
        "ms": "2.1.2"
      },
      "engines": {
        "node": ">=6.0"
      },
      "peerDependenciesMeta": {
        "supports-color": {
          "optional": true
        }
      }
    },
    "node_modules/generate-function": {
      "version": "2.3.1",
      "resolved": "https://registry.npmjs.org/generate-function/-/generate-function-2.3.1.tgz",
      "integrity": "sha512-eeB5GfMNeevm/GRYq20ShmsaGcmI81kIX2K9XQx5miC8KdHaC6Jm0qQ8ZNeGOi7wYB8OsdxKs+Y2oVuTFuVwKQ==",
      "dependencies": {
        "is-property": "^1.0.2"
      }
    },
    "node_modules/ip": {
      "version": "2.0.1",
      "resolved": "https://registry.npmjs.org/ip/-/ip-2.0.1.tgz",
      "integrity": "sha512-lJUL9imLTNi1ZfXT+DU6rBBdbiKGBuay9B6xGSPVjUeQwaH1RIGqef8RZkUtHioLmSNpPR5M4HVKJGm1j8FWVQ=="
    },
    "node_modules/ip2buf": {
      "version": "2.0.0",
      "resolved": "https://registry.npmjs.org/ip2buf/-/ip2buf-2.0.0.tgz",
      "integrity": "sha512-ezW62UW6IPwpuS3mpsvOS3/3Jgx7aaNZT+uJo/+xVBxHCq7EA1ryuhzZw2MyC5GuGd1sAp3RDx7e4+nJCGt9vA==",
      "engines": {
        "node": ">=6"
      }
    },
    "node_modules/is-plain-object": {
      "version": "2.0.4",
      "resolved": "https://registry.npmjs.org/is-plain-object/-/is-plain-object-2.0.4.tgz",
      "integrity": "sha512-h5PpgXkWitc38BBMYawTYMWJHFZJVnBquFE57xFpjB8pJFiF6gZ+bU+WyI/yqXiFR5mdLsgYNaPe8uao6Uv9Og==",
      "dependencies": {
        "isobject": "^3.0.1"
      },
      "engines": {
        "node": ">=0.10.0"
      }
    },
    "node_modules/is-property": {
      "version": "1.0.2",
      "resolved": "https://registry.npmjs.org/is-property/-/is-property-1.0.2.tgz",
      "integrity": "sha512-Ks/IoX00TtClbGQr4TWXemAnktAQvYB7HzcCxDGqEZU6oCmb2INHuOoKxbtR+HFkmYWBKv/dOZtGRiAjDhj92g=="
    },
    "node_modules/is-stun": {
      "version": "2.0.0",
      "resolved": "https://registry.npmjs.org/is-stun/-/is-stun-2.0.0.tgz",
      "integrity": "sha512-3d3CI8nLmh2ATbjfvi5TkVcimMgXtFH7PGoXeT1prGguVK8eaO3CzynLbdFY8Ez9khVpLpP8HHFPxneqn0QYPw==",
      "engines": {
        "node": ">=4"
      }
    },
    "node_modules/isobject": {
      "version": "3.0.1",
      "resolved": "https://registry.npmjs.org/isobject/-/isobject-3.0.1.tgz",
      "integrity": "sha512-WhB9zCku7EGTj/HQQRz5aUQEUeoQZH2bWcltRErOpymJ4boYE6wL9Tbr23krRPSZ+C5zqNSrSw+Cc7sZZ4b7vg==",
      "engines": {
        "node": ">=0.10.0"
      }
    },
    "node_modules/minimist": {
      "version": "1.2.8",
      "resolved": "https://registry.npmjs.org/minimist/-/minimist-1.2.8.tgz",
      "integrity": "sha512-2yyAR8qBkN3YuheJanUpWC5U3bb5osDywNB8RzDVlDwDHbocAJveqqj1u8+SVD7jkWT4yvsHCpWqqWqAxb0zCA==",
      "funding": {
        "url": "https://github.com/sponsors/ljharb"
      }
    },
    "node_modules/ms": {
      "version": "2.1.2",
      "resolved": "https://registry.npmjs.org/ms/-/ms-2.1.2.tgz",
      "integrity": "sha512-sGkPx+VjMtmA6MX27oA4FBFELFCZZ4S4XqeGOXCv68tT+jb3vk/RyaKWP0PTKyWtmLSM0b+adUTEvbs1PEaH2w=="
    },
    "node_modules/safe-buffer": {
      "version": "5.2.1",
      "resolved": "https://registry.npmjs.org/safe-buffer/-/safe-buffer-5.2.1.tgz",
      "integrity": "sha512-rp3So07KcdmmKbGvgaNxQSJr7bGVSVk5S9Eq1F+ppbRo70+YeaDxkw5Dd8NPN+GD6bjnYm2VuPuCXmpuYvmCXQ==",
      "funding": [
        {
          "type": "github",
          "url": "https://github.com/sponsors/feross"
        },
        {
          "type": "patreon",
          "url": "https://www.patreon.com/feross"
        },
        {
          "type": "consulting",
          "url": "https://feross.org/support"
        }
      ]
    },
    "node_modules/turbo-crc32": {
      "version": "1.0.1",
      "resolved": "https://registry.npmjs.org/turbo-crc32/-/turbo-crc32-1.0.1.tgz",
      "integrity": "sha512-8yyRd1ZdNp+AQLGqi3lTaA2k81JjlIZOyFQEsi7GQWBgirnQOxjqVtDEbYHM2Z4yFdJ5AQw0fxBLLnDCl6RXoQ==",
      "engines": {
        "node": ">=6"
      }
    },
    "node_modules/universalify": {
      "version": "2.0.1",
      "resolved": "https://registry.npmjs.org/universalify/-/universalify-2.0.1.tgz",
      "integrity": "sha512-gptHNQghINnc/vTGIk0SOFGFNXw7JVrlRUtConJRlvaw6DuX0wO5Jeko9sWrMBhh+PsYAZ7oXAiOnf/UKogyiw==",
      "engines": {
        "node": ">= 10.0.0"
      }
    }
  }
}
